<?xml version="1.0" encoding="utf-8"?>
<Project ToolsVersion="4.0" xmlns="http://schemas.microsoft.com/developer/msbuild/2003">
  <ItemGroup>
    <Filter Include="Source Files">
      <UniqueIdentifier>{4FC737F1-C7A5-4376-A066-2A32D752A2FF}</UniqueIdentifier>
      <Extensions>cpp;c;cc;cxx;def;odl;idl;hpj;bat;asm;asmx</Extensions>
    </Filter>
    <Filter Include="Header Files">
      <UniqueIdentifier>{93995380-89BD-4b04-88EB-625FBE52EBFB}</UniqueIdentifier>
      <Extensions>h;hh;hpp;hxx;hm;inl;inc;xsd</Extensions>
    </Filter>
    <Filter Include="Resource Files">
      <UniqueIdentifier>{67DA6AB6-F800-4c08-8B7A-83BB121AAD01}</UniqueIdentifier>
      <Extensions>rc;ico;cur;bmp;dlg;rc2;rct;bin;rgs;gif;jpg;jpeg;jpe;resx;tiff;tif;png;wav;mfcribbon-ms</Extensions>
    </Filter>
  </ItemGroup>
  <ItemGroup>
    <ClCompile Include="main.cpp">
      <Filter>Source Files</Filter>
    </ClCompile>
    <ClCompile Include="fps-worker.cpp">
      <Filter>Source Files</Filter>
    </ClCompile>
  </ItemGroup>
  <ItemGroup>
    <ClInclude Include="fps-worker.h">
      <Filter>Header Files</Filter>
    </ClInclude>
  </ItemGroup>
  <ItemGroup>
    <None Include="Release\App.tlog\App.lastbuildstate" />
    <None Include="Release\App.tlog\CL.command.1.tlog" />
    <None Include="Release\App.tlog\CL.read.1.tlog" />
    <None Include="Release\App.tlog\CL.write.1.tlog" />
    <None Include="Release\App.tlog\link.command.1.tlog" />
    <None Include="Release\App.tlog\link.read.1.tlog" />
    <None Include="Release\App.tlog\link.write.1.tlog" />
    <None Include="Release\App.exe" />
    <None Include="Release\App.iobj" />
    <None Include="Release\App.ipdb" />
    <None Include="Release\App.pdb" />
    <None Include="Release\sfml-graphics-2.dll" />
    <None Include="Release\sfml-system-2.dll" />
    <None Include="Release\sfml-window-2.dll" />
    <None Include="Release\vc140.pdb" />
    <None Include="App.VC.db" />
  </ItemGroup>
  <ItemGroup>
    <Text Include="Release\App.log" />
  </ItemGroup>
  <ItemGroup>
    <Object Include="Release\fps-worker.obj" />
    <Object Include="Release\main.obj" />
  </ItemGroup>
</Project>